
Microsoft Visual Studio Solution File, Format Version 12.00
# Visual Studio 14
VisualStudioVersion = 14.0.25420.1
MinimumVisualStudioVersion = 10.0.40219.1
Project("{FAE04EC0-301F-11D3-BF4B-00C04F79EFBC}") = "Examples", "Examples.csproj", "{8911E9AC-521A-4B2C-B638-A8F15AA35C2E}"
	ProjectSection(ProjectDependencies) = postProject
		{452B28D0-30BE-4F40-A646-B9EB607F5B7C} = {452B28D0-30BE-4F40-A646-B9EB607F5B7C}
	EndProjectSection
EndProject
Project("{FAE04EC0-301F-11D3-BF4B-00C04F79EFBC}") = "ImagePipeline", "..\ImagePipeline\ImagePipeline\ImagePipeline.csproj", "{A6D3ECAA-105A-48FC-BE2A-D78220E32145}"
EndProject
Project("{FAE04EC0-301F-11D3-BF4B-00C04F79EFBC}") = "FBCore", "..\ImagePipeline\FBCore\FBCore.csproj", "{179EFFB6-C262-428C-A7C1-6FB386628344}"
EndProject
Project("{FAE04EC0-301F-11D3-BF4B-00C04F79EFBC}") = "ImagePipelineBase", "..\ImagePipeline\ImagePipelineBase\ImagePipelineBase.csproj", "{563BC30E-4300-4E2B-9D6D-720F3AF8834F}"
EndProject
Project("{8BC9CEB8-8B4A-11D0-8D11-00A0C91BC942}") = "ImagePipelineNative", "..\ImagePipeline\ImagePipelineNative\ImagePipelineNative.vcxproj", "{452B28D0-30BE-4F40-A646-B9EB607F5B7C}"
EndProject
Global
	GlobalSection(SolutionConfigurationPlatforms) = preSolution
		Debug|Any CPU = Debug|Any CPU
		Debug|ARM = Debug|ARM
		Debug|x64 = Debug|x64
		Debug|x86 = Debug|x86
		Release|Any CPU = Release|Any CPU
		Release|ARM = Release|ARM
		Release|x64 = Release|x64
		Release|x86 = Release|x86
	EndGlobalSection
	GlobalSection(ProjectConfigurationPlatforms) = postSolution
		{8911E9AC-521A-4B2C-B638-A8F15AA35C2E}.Debug|Any CPU.ActiveCfg = Debug|x86
		{8911E9AC-521A-4B2C-B638-A8F15AA35C2E}.Debug|ARM.ActiveCfg = Debug|ARM
		{8911E9AC-521A-4B2C-B638-A8F15AA35C2E}.Debug|ARM.Build.0 = Debug|ARM
		{8911E9AC-521A-4B2C-B638-A8F15AA35C2E}.Debug|ARM.Deploy.0 = Debug|ARM
		{8911E9AC-521A-4B2C-B638-A8F15AA35C2E}.Debug|x64.ActiveCfg = Debug|x64
		{8911E9AC-521A-4B2C-B638-A8F15AA35C2E}.Debug|x64.Build.0 = Debug|x64
		{8911E9AC-521A-4B2C-B638-A8F15AA35C2E}.Debug|x64.Deploy.0 = Debug|x64
		{8911E9AC-521A-4B2C-B638-A8F15AA35C2E}.Debug|x86.ActiveCfg = Debug|x86
		{8911E9AC-521A-4B2C-B638-A8F15AA35C2E}.Debug|x86.Build.0 = Debug|x86
		{8911E9AC-521A-4B2C-B638-A8F15AA35C2E}.Debug|x86.Deploy.0 = Debug|x86
		{8911E9AC-521A-4B2C-B638-A8F15AA35C2E}.Release|Any CPU.ActiveCfg = Release|x86
		{8911E9AC-521A-4B2C-B638-A8F15AA35C2E}.Release|ARM.ActiveCfg = Release|ARM
		{8911E9AC-521A-4B2C-B638-A8F15AA35C2E}.Release|ARM.Build.0 = Release|ARM
		{8911E9AC-521A-4B2C-B638-A8F15AA35C2E}.Release|ARM.Deploy.0 = Release|ARM
		{8911E9AC-521A-4B2C-B638-A8F15AA35C2E}.Release|x64.ActiveCfg = Release|x64
		{8911E9AC-521A-4B2C-B638-A8F15AA35C2E}.Release|x64.Build.0 = Release|x64
		{8911E9AC-521A-4B2C-B638-A8F15AA35C2E}.Release|x64.Deploy.0 = Release|x64
		{8911E9AC-521A-4B2C-B638-A8F15AA35C2E}.Release|x86.ActiveCfg = Release|x86
		{8911E9AC-521A-4B2C-B638-A8F15AA35C2E}.Release|x86.Build.0 = Release|x86
		{8911E9AC-521A-4B2C-B638-A8F15AA35C2E}.Release|x86.Deploy.0 = Release|x86
		{A6D3ECAA-105A-48FC-BE2A-D78220E32145}.Debug|Any CPU.ActiveCfg = Debug|Any CPU
		{A6D3ECAA-105A-48FC-BE2A-D78220E32145}.Debug|Any CPU.Build.0 = Debug|Any CPU
		{A6D3ECAA-105A-48FC-BE2A-D78220E32145}.Debug|ARM.ActiveCfg = Debug|ARM
		{A6D3ECAA-105A-48FC-BE2A-D78220E32145}.Debug|ARM.Build.0 = Debug|ARM
		{A6D3ECAA-105A-48FC-BE2A-D78220E32145}.Debug|x64.ActiveCfg = Debug|x64
		{A6D3ECAA-105A-48FC-BE2A-D78220E32145}.Debug|x64.Build.0 = Debug|x64
		{A6D3ECAA-105A-48FC-BE2A-D78220E32145}.Debug|x86.ActiveCfg = Debug|x86
		{A6D3ECAA-105A-48FC-BE2A-D78220E32145}.Debug|x86.Build.0 = Debug|x86
		{A6D3ECAA-105A-48FC-BE2A-D78220E32145}.Release|Any CPU.ActiveCfg = Release|Any CPU
		{A6D3ECAA-105A-48FC-BE2A-D78220E32145}.Release|Any CPU.Build.0 = Release|Any CPU
		{A6D3ECAA-105A-48FC-BE2A-D78220E32145}.Release|ARM.ActiveCfg = Release|ARM
		{A6D3ECAA-105A-48FC-BE2A-D78220E32145}.Release|ARM.Build.0 = Release|ARM
		{A6D3ECAA-105A-48FC-BE2A-D78220E32145}.Release|x64.ActiveCfg = Release|x64
		{A6D3ECAA-105A-48FC-BE2A-D78220E32145}.Release|x64.Build.0 = Release|x64
		{A6D3ECAA-105A-48FC-BE2A-D78220E32145}.Release|x86.ActiveCfg = Release|x86
		{A6D3ECAA-105A-48FC-BE2A-D78220E32145}.Release|x86.Build.0 = Release|x86
		{179EFFB6-C262-428C-A7C1-6FB386628344}.Debug|Any CPU.ActiveCfg = Debug|Any CPU
		{179EFFB6-C262-428C-A7C1-6FB386628344}.Debug|Any CPU.Build.0 = Debug|Any CPU
		{179EFFB6-C262-428C-A7C1-6FB386628344}.Debug|ARM.ActiveCfg = Debug|ARM
		{179EFFB6-C262-428C-A7C1-6FB386628344}.Debug|ARM.Build.0 = Debug|ARM
		{179EFFB6-C262-428C-A7C1-6FB386628344}.Debug|x64.ActiveCfg = Debug|x64
		{179EFFB6-C262-428C-A7C1-6FB386628344}.Debug|x64.Build.0 = Debug|x64
		{179EFFB6-C262-428C-A7C1-6FB386628344}.Debug|x86.ActiveCfg = Debug|x86
		{179EFFB6-C262-428C-A7C1-6FB386628344}.Debug|x86.Build.0 = Debug|x86
		{179EFFB6-C262-428C-A7C1-6FB386628344}.Release|Any CPU.ActiveCfg = Release|Any CPU
		{179EFFB6-C262-428C-A7C1-6FB386628344}.Release|Any CPU.Build.0 = Release|Any CPU
		{179EFFB6-C262-428C-A7C1-6FB386628344}.Release|ARM.ActiveCfg = Release|ARM
		{179EFFB6-C262-428C-A7C1-6FB386628344}.Release|ARM.Build.0 = Release|ARM
		{179EFFB6-C262-428C-A7C1-6FB386628344}.Release|x64.ActiveCfg = Release|x64
		{179EFFB6-C262-428C-A7C1-6FB386628344}.Release|x64.Build.0 = Release|x64
		{179EFFB6-C262-428C-A7C1-6FB386628344}.Release|x86.ActiveCfg = Release|x86
		{179EFFB6-C262-428C-A7C1-6FB386628344}.Release|x86.Build.0 = Release|x86
		{563BC30E-4300-4E2B-9D6D-720F3AF8834F}.Debug|Any CPU.ActiveCfg = Debug|Any CPU
		{563BC30E-4300-4E2B-9D6D-720F3AF8834F}.Debug|Any CPU.Build.0 = Debug|Any CPU
		{563BC30E-4300-4E2B-9D6D-720F3AF8834F}.Debug|ARM.ActiveCfg = Debug|ARM
		{563BC30E-4300-4E2B-9D6D-720F3AF8834F}.Debug|ARM.Build.0 = Debug|ARM
		{563BC30E-4300-4E2B-9D6D-720F3AF8834F}.Debug|x64.ActiveCfg = Debug|x64
		{563BC30E-4300-4E2B-9D6D-720F3AF8834F}.Debug|x64.Build.0 = Debug|x64
		{563BC30E-4300-4E2B-9D6D-720F3AF8834F}.Debug|x86.ActiveCfg = Debug|x86
		{563BC30E-4300-4E2B-9D6D-720F3AF8834F}.Debug|x86.Build.0 = Debug|x86
		{563BC30E-4300-4E2B-9D6D-720F3AF8834F}.Release|Any CPU.ActiveCfg = Release|Any CPU
		{563BC30E-4300-4E2B-9D6D-720F3AF8834F}.Release|Any CPU.Build.0 = Release|Any CPU
		{563BC30E-4300-4E2B-9D6D-720F3AF8834F}.Release|ARM.ActiveCfg = Release|ARM
		{563BC30E-4300-4E2B-9D6D-720F3AF8834F}.Release|ARM.Build.0 = Release|ARM
		{563BC30E-4300-4E2B-9D6D-720F3AF8834F}.Release|x64.ActiveCfg = Release|x64
		{563BC30E-4300-4E2B-9D6D-720F3AF8834F}.Release|x64.Build.0 = Release|x64
		{563BC30E-4300-4E2B-9D6D-720F3AF8834F}.Release|x86.ActiveCfg = Release|x86
		{563BC30E-4300-4E2B-9D6D-720F3AF8834F}.Release|x86.Build.0 = Release|x86
		{452B28D0-30BE-4F40-A646-B9EB607F5B7C}.Debug|Any CPU.ActiveCfg = Debug|Win32
		{452B28D0-30BE-4F40-A646-B9EB607F5B7C}.Debug|ARM.ActiveCfg = Debug|ARM
		{452B28D0-30BE-4F40-A646-B9EB607F5B7C}.Debug|ARM.Build.0 = Debug|ARM
		{452B28D0-30BE-4F40-A646-B9EB607F5B7C}.Debug|x64.ActiveCfg = Debug|x64
		{452B28D0-30BE-4F40-A646-B9EB607F5B7C}.Debug|x64.Build.0 = Debug|x64
		{452B28D0-30BE-4F40-A646-B9EB607F5B7C}.Debug|x86.ActiveCfg = Debug|Win32
		{452B28D0-30BE-4F40-A646-B9EB607F5B7C}.Debug|x86.Build.0 = Debug|Win32
		{452B28D0-30BE-4F40-A646-B9EB607F5B7C}.Release|Any CPU.ActiveCfg = Release|Win32
		{452B28D0-30BE-4F40-A646-B9EB607F5B7C}.Release|ARM.ActiveCfg = Release|ARM
		{452B28D0-30BE-4F40-A646-B9EB607F5B7C}.Release|ARM.Build.0 = Release|ARM
		{452B28D0-30BE-4F40-A646-B9EB607F5B7C}.Release|x64.ActiveCfg = Release|x64
		{452B28D0-30BE-4F40-A646-B9EB607F5B7C}.Release|x64.Build.0 = Release|x64
		{452B28D0-30BE-4F40-A646-B9EB607F5B7C}.Release|x86.ActiveCfg = Release|Win32
		{452B28D0-30BE-4F40-A646-B9EB607F5B7C}.Release|x86.Build.0 = Release|Win32
	EndGlobalSection
	GlobalSection(SolutionProperties) = preSolution
		HideSolutionNode = FALSE
	EndGlobalSection
EndGlobal
